
Microsoft Visual Studio Solution File, Format Version 12.00
# Visual Studio 15
VisualStudioVersion = 15.0.27130.2036
MinimumVisualStudioVersion = 10.0.40219.1
Project("{FAE04EC0-301F-11D3-BF4B-00C04F79EFBC}") = "QLHOCSINHC3", "QLHOCSINHC3\QLHOCSINHC3.csproj", "{2D468109-5A67-4D09-B242-30BC34B7287E}"
EndProject
Global
	GlobalSection(SolutionConfigurationPlatforms) = preSolution
		Debug|Any CPU = Debug|Any CPU
		Release|Any CPU = Release|Any CPU
	EndGlobalSection
	GlobalSection(ProjectConfigurationPlatforms) = postSolution
		{2D468109-5A67-4D09-B242-30BC34B7287E}.Debug|Any CPU.ActiveCfg = Debug|Any CPU
		{2D468109-5A67-4D09-B242-30BC34B7287E}.Debug|Any CPU.Build.0 = Debug|Any CPU
		{2D468109-5A67-4D09-B242-30BC34B7287E}.Release|Any CPU.ActiveCfg = Release|Any CPU
		{2D468109-5A67-4D09-B242-30BC34B7287E}.Release|Any CPU.Build.0 = Release|Any CPU
	EndGlobalSection
	GlobalSection(SolutionProperties) = preSolution
		HideSolutionNode = FALSE
	EndGlobalSection
	GlobalSection(ExtensibilityGlobals) = postSolution
		SolutionGuid = {E1147C90-2D03-4F2C-B056-9B02BAFE19AF}
	EndGlobalSection
EndGlobal
